// !$*UTF8*$!
{
	archiveVersion = 1;
	classes = {
	};
	objectVersion = 51;
	objects = {

/* Begin PBXBuildFile section */
		A70C54662689D17900457312 /* AppDelegate.swift in Sources */ = {isa = PBXBuildFile; fileRef = A70C54652689D17900457312 /* AppDelegate.swift */; };
		A70C54682689D17900457312 /* SceneDelegate.swift in Sources */ = {isa = PBXBuildFile; fileRef = A70C54672689D17900457312 /* SceneDelegate.swift */; };
		A70C546A2689D17900457312 /* ViewController.swift in Sources */ = {isa = PBXBuildFile; fileRef = A70C54692689D17900457312 /* ViewController.swift */; };
		A70C546D2689D17900457312 /* Main.storyboard in Resources */ = {isa = PBXBuildFile; fileRef = A70C546B2689D17900457312 /* Main.storyboard */; };
		A70C546F2689D17B00457312 /* Assets.xcassets in Resources */ = {isa = PBXBuildFile; fileRef = A70C546E2689D17B00457312 /* Assets.xcassets */; };
		A70C54722689D17B00457312 /* LaunchScreen.storyboard in Resources */ = {isa = PBXBuildFile; fileRef = A70C54702689D17B00457312 /* LaunchScreen.storyboard */; };
		A70C547D2689D3B800457312 /* Session.swift in Sources */ = {isa = PBXBuildFile; fileRef = A70C547C2689D3B700457312 /* Session.swift */; };
		A70FFDD72699CCB4005D06C3 /* FriendsViewModel.swift in Sources */ = {isa = PBXBuildFile; fileRef = A70FFDD62699CCB4005D06C3 /* FriendsViewModel.swift */; };
		A73AEAF62694A44E002CCCB6 /* AuthViewModel.swift in Sources */ = {isa = PBXBuildFile; fileRef = A73AEAF52694A44E002CCCB6 /* AuthViewModel.swift */; };
		A75098952698AC5800F1EA63 /* DefaultErrors.swift in Sources */ = {isa = PBXBuildFile; fileRef = A75098942698AC5800F1EA63 /* DefaultErrors.swift */; };
		A75098982698AE2200F1EA63 /* FriendsViewController.swift in Sources */ = {isa = PBXBuildFile; fileRef = A75098972698AE2200F1EA63 /* FriendsViewController.swift */; };
		A750989D2698AE6C00F1EA63 /* FriendsApiService.swift in Sources */ = {isa = PBXBuildFile; fileRef = A750989C2698AE6C00F1EA63 /* FriendsApiService.swift */; };
		A75098A12698B20200F1EA63 /* DefaultUrl.swift in Sources */ = {isa = PBXBuildFile; fileRef = A75098A02698B20200F1EA63 /* DefaultUrl.swift */; };
		A75098A42698B4A300F1EA63 /* Request.swift in Sources */ = {isa = PBXBuildFile; fileRef = A75098A32698B4A300F1EA63 /* Request.swift */; };
		A75098A72698B51A00F1EA63 /* FriendsRequest.swift in Sources */ = {isa = PBXBuildFile; fileRef = A75098A62698B51A00F1EA63 /* FriendsRequest.swift */; };
		A75098AA2698B70400F1EA63 /* Data+PrettyJSON.swift in Sources */ = {isa = PBXBuildFile; fileRef = A75098A92698B70400F1EA63 /* Data+PrettyJSON.swift */; };
		DA0A75131BF2AA2DA0DCA758 /* Pods_Vk_api.framework in Frameworks */ = {isa = PBXBuildFile; fileRef = CDFCFFA892C33EEEBD4A3249 /* Pods_Vk_api.framework */; };
/* End PBXBuildFile section */

/* Begin PBXFileReference section */
		1D81EEDDE71023E67D4193B2 /* Pods-Vk_api.debug.xcconfig */ = {isa = PBXFileReference; includeInIndex = 1; lastKnownFileType = text.xcconfig; name = "Pods-Vk_api.debug.xcconfig"; path = "Target Support Files/Pods-Vk_api/Pods-Vk_api.debug.xcconfig"; sourceTree = "<group>"; };
		A70C54622689D17900457312 /* Vk_api.app */ = {isa = PBXFileReference; explicitFileType = wrapper.application; includeInIndex = 0; path = Vk_api.app; sourceTree = BUILT_PRODUCTS_DIR; };
		A70C54652689D17900457312 /* AppDelegate.swift */ = {isa = PBXFileReference; lastKnownFileType = sourcecode.swift; path = AppDelegate.swift; sourceTree = "<group>"; };
		A70C54672689D17900457312 /* SceneDelegate.swift */ = {isa = PBXFileReference; lastKnownFileType = sourcecode.swift; path = SceneDelegate.swift; sourceTree = "<group>"; };
		A70C54692689D17900457312 /* ViewController.swift */ = {isa = PBXFileReference; lastKnownFileType = sourcecode.swift; path = ViewController.swift; sourceTree = "<group>"; };
		A70C546C2689D17900457312 /* Base */ = {isa = PBXFileReference; lastKnownFileType = file.storyboard; name = Base; path = Base.lproj/Main.storyboard; sourceTree = "<group>"; };
		A70C546E2689D17B00457312 /* Assets.xcassets */ = {isa = PBXFileReference; lastKnownFileType = folder.assetcatalog; path = Assets.xcassets; sourceTree = "<group>"; };
		A70C54712689D17B00457312 /* Base */ = {isa = PBXFileReference; lastKnownFileType = file.storyboard; name = Base; path = Base.lproj/LaunchScreen.storyboard; sourceTree = "<group>"; };
		A70C54732689D17B00457312 /* Info.plist */ = {isa = PBXFileReference; lastKnownFileType = text.plist.xml; path = Info.plist; sourceTree = "<group>"; };
		A70C547C2689D3B700457312 /* Session.swift */ = {isa = PBXFileReference; lastKnownFileType = sourcecode.swift; path = Session.swift; sourceTree = "<group>"; };
		A70FFDD62699CCB4005D06C3 /* FriendsViewModel.swift */ = {isa = PBXFileReference; lastKnownFileType = sourcecode.swift; path = FriendsViewModel.swift; sourceTree = "<group>"; };
		A73AEAF52694A44E002CCCB6 /* AuthViewModel.swift */ = {isa = PBXFileReference; lastKnownFileType = sourcecode.swift; path = AuthViewModel.swift; sourceTree = "<group>"; };
		A75098942698AC5800F1EA63 /* DefaultErrors.swift */ = {isa = PBXFileReference; lastKnownFileType = sourcecode.swift; path = DefaultErrors.swift; sourceTree = "<group>"; };
		A75098972698AE2200F1EA63 /* FriendsViewController.swift */ = {isa = PBXFileReference; lastKnownFileType = sourcecode.swift; path = FriendsViewController.swift; sourceTree = "<group>"; };
		A750989C2698AE6C00F1EA63 /* FriendsApiService.swift */ = {isa = PBXFileReference; lastKnownFileType = sourcecode.swift; path = FriendsApiService.swift; sourceTree = "<group>"; };
		A75098A02698B20200F1EA63 /* DefaultUrl.swift */ = {isa = PBXFileReference; lastKnownFileType = sourcecode.swift; path = DefaultUrl.swift; sourceTree = "<group>"; };
		A75098A32698B4A300F1EA63 /* Request.swift */ = {isa = PBXFileReference; lastKnownFileType = sourcecode.swift; path = Request.swift; sourceTree = "<group>"; };
		A75098A62698B51A00F1EA63 /* FriendsRequest.swift */ = {isa = PBXFileReference; lastKnownFileType = sourcecode.swift; path = FriendsRequest.swift; sourceTree = "<group>"; };
		A75098A92698B70400F1EA63 /* Data+PrettyJSON.swift */ = {isa = PBXFileReference; lastKnownFileType = sourcecode.swift; path = "Data+PrettyJSON.swift"; sourceTree = "<group>"; };
		CDFCFFA892C33EEEBD4A3249 /* Pods_Vk_api.framework */ = {isa = PBXFileReference; explicitFileType = wrapper.framework; includeInIndex = 0; path = Pods_Vk_api.framework; sourceTree = BUILT_PRODUCTS_DIR; };
		E588A6AE8CF43FD269CFA9A4 /* Pods-Vk_api.release.xcconfig */ = {isa = PBXFileReference; includeInIndex = 1; lastKnownFileType = text.xcconfig; name = "Pods-Vk_api.release.xcconfig"; path = "Target Support Files/Pods-Vk_api/Pods-Vk_api.release.xcconfig"; sourceTree = "<group>"; };
/* End PBXFileReference section */

/* Begin PBXFrameworksBuildPhase section */
		A70C545F2689D17900457312 /* Frameworks */ = {
			isa = PBXFrameworksBuildPhase;
			buildActionMask = 2147483647;
			files = (
				DA0A75131BF2AA2DA0DCA758 /* Pods_Vk_api.framework in Frameworks */,
			);
			runOnlyForDeploymentPostprocessing = 0;
		};
/* End PBXFrameworksBuildPhase section */

/* Begin PBXGroup section */
		353B976767A4FC8211FAA9E5 /* Frameworks */ = {
			isa = PBXGroup;
			children = (
				CDFCFFA892C33EEEBD4A3249 /* Pods_Vk_api.framework */,
			);
			name = Frameworks;
			sourceTree = "<group>";
		};
		3DBDE7C3B4C334B39D712DFE /* Pods */ = {
			isa = PBXGroup;
			children = (
				1D81EEDDE71023E67D4193B2 /* Pods-Vk_api.debug.xcconfig */,
				E588A6AE8CF43FD269CFA9A4 /* Pods-Vk_api.release.xcconfig */,
			);
			path = Pods;
			sourceTree = "<group>";
		};
		A70C54592689D17900457312 = {
			isa = PBXGroup;
			children = (
				A70C54642689D17900457312 /* Vk_api */,
				A70C54632689D17900457312 /* Products */,
				3DBDE7C3B4C334B39D712DFE /* Pods */,
				353B976767A4FC8211FAA9E5 /* Frameworks */,
			);
			sourceTree = "<group>";
		};
		A70C54632689D17900457312 /* Products */ = {
			isa = PBXGroup;
			children = (
				A70C54622689D17900457312 /* Vk_api.app */,
			);
			name = Products;
			sourceTree = "<group>";
		};
		A70C54642689D17900457312 /* Vk_api */ = {
			isa = PBXGroup;
			children = (
				A75098A82698B6ED00F1EA63 /* Extension */,
				A750989E2698B1EB00F1EA63 /* Networking */,
				A75098932698AC4A00F1EA63 /* Value */,
				A73AEAF12694A3B3002CCCB6 /* Modules */,
				A70C54792689D2F000457312 /* Resources */,
				A70C547A2689D31100457312 /* App */,
			);
			path = Vk_api;
			sourceTree = "<group>";
		};
		A70C54792689D2F000457312 /* Resources */ = {
			isa = PBXGroup;
			children = (
				A70C546B2689D17900457312 /* Main.storyboard */,
				A70C546E2689D17B00457312 /* Assets.xcassets */,
				A70C54702689D17B00457312 /* LaunchScreen.storyboard */,
				A70C54732689D17B00457312 /* Info.plist */,
			);
			path = Resources;
			sourceTree = "<group>";
		};
		A70C547A2689D31100457312 /* App */ = {
			isa = PBXGroup;
			children = (
				A70C54652689D17900457312 /* AppDelegate.swift */,
				A70C54672689D17900457312 /* SceneDelegate.swift */,
			);
			path = App;
			sourceTree = "<group>";
		};
		A70C547B2689D3A900457312 /* Singleton */ = {
			isa = PBXGroup;
			children = (
				A70C547C2689D3B700457312 /* Session.swift */,
			);
			path = Singleton;
			sourceTree = "<group>";
		};
		A73AEAF12694A3B3002CCCB6 /* Modules */ = {
			isa = PBXGroup;
			children = (
				A70C547B2689D3A900457312 /* Singleton */,
				A75098962698ADE700F1EA63 /* Friends */,
				A73AEAF22694A3B8002CCCB6 /* Auth */,
			);
			path = Modules;
			sourceTree = "<group>";
		};
		A73AEAF22694A3B8002CCCB6 /* Auth */ = {
			isa = PBXGroup;
			children = (
				A73AEAF42694A437002CCCB6 /* ViewModel */,
				A73AEAF32694A433002CCCB6 /* View */,
			);
			path = Auth;
			sourceTree = "<group>";
		};
		A73AEAF32694A433002CCCB6 /* View */ = {
			isa = PBXGroup;
			children = (
				A70C54692689D17900457312 /* ViewController.swift */,
			);
			path = View;
			sourceTree = "<group>";
		};
		A73AEAF42694A437002CCCB6 /* ViewModel */ = {
			isa = PBXGroup;
			children = (
				A73AEAF52694A44E002CCCB6 /* AuthViewModel.swift */,
			);
			path = ViewModel;
			sourceTree = "<group>";
		};
		A75098932698AC4A00F1EA63 /* Value */ = {
			isa = PBXGroup;
			children = (
				A75098942698AC5800F1EA63 /* DefaultErrors.swift */,
			);
			path = Value;
			sourceTree = "<group>";
		};
		A75098962698ADE700F1EA63 /* Friends */ = {
			isa = PBXGroup;
			children = (
				A750989B2698AE4E00F1EA63 /* Networking */,
				A750989A2698AE4900F1EA63 /* ViewModel */,
				A75098992698AE2C00F1EA63 /* View */,
			);
			path = Friends;
			sourceTree = "<group>";
		};
		A75098992698AE2C00F1EA63 /* View */ = {
			isa = PBXGroup;
			children = (
				A75098972698AE2200F1EA63 /* FriendsViewController.swift */,
			);
			path = View;
			sourceTree = "<group>";
		};
		A750989A2698AE4900F1EA63 /* ViewModel */ = {
			isa = PBXGroup;
			children = (
				A70FFDD62699CCB4005D06C3 /* FriendsViewModel.swift */,
			);
			path = ViewModel;
			sourceTree = "<group>";
		};
		A750989B2698AE4E00F1EA63 /* Networking */ = {
			isa = PBXGroup;
			children = (
				A750989C2698AE6C00F1EA63 /* FriendsApiService.swift */,
				A75098A62698B51A00F1EA63 /* FriendsRequest.swift */,
			);
			path = Networking;
			sourceTree = "<group>";
		};
		A750989E2698B1EB00F1EA63 /* Networking */ = {
			isa = PBXGroup;
			children = (
				A75098A22698B32200F1EA63 /* Value */,
				A75098A32698B4A300F1EA63 /* Request.swift */,
			);
			path = Networking;
			sourceTree = "<group>";
		};
		A75098A22698B32200F1EA63 /* Value */ = {
			isa = PBXGroup;
			children = (
				A75098A02698B20200F1EA63 /* DefaultUrl.swift */,
			);
			path = Value;
			sourceTree = "<group>";
		};
		A75098A82698B6ED00F1EA63 /* Extension */ = {
			isa = PBXGroup;
			children = (
				A75098A92698B70400F1EA63 /* Data+PrettyJSON.swift */,
			);
			path = Extension;
			sourceTree = "<group>";
		};
/* End PBXGroup section */

/* Begin PBXNativeTarget section */
		A70C54612689D17900457312 /* Vk_api */ = {
			isa = PBXNativeTarget;
			buildConfigurationList = A70C54762689D17B00457312 /* Build configuration list for PBXNativeTarget "Vk_api" */;
			buildPhases = (
				537ED85A080BAA081087F470 /* [CP] Check Pods Manifest.lock */,
				A70C545E2689D17900457312 /* Sources */,
				A70C545F2689D17900457312 /* Frameworks */,
				A70C54602689D17900457312 /* Resources */,
				C83375AF16B256249F393BDE /* [CP] Embed Pods Frameworks */,
			);
			buildRules = (
			);
			dependencies = (
			);
			name = Vk_api;
			productName = Vk_api;
			productReference = A70C54622689D17900457312 /* Vk_api.app */;
			productType = "com.apple.product-type.application";
		};
/* End PBXNativeTarget section */

/* Begin PBXProject section */
		A70C545A2689D17900457312 /* Project object */ = {
			isa = PBXProject;
			attributes = {
				LastSwiftUpdateCheck = 1250;
				LastUpgradeCheck = 1250;
				TargetAttributes = {
					A70C54612689D17900457312 = {
						CreatedOnToolsVersion = 12.5;
					};
				};
			};
			buildConfigurationList = A70C545D2689D17900457312 /* Build configuration list for PBXProject "Vk_api" */;
			compatibilityVersion = "Xcode 9.3";
			developmentRegion = en;
			hasScannedForEncodings = 0;
			knownRegions = (
				en,
				Base,
			);
			mainGroup = A70C54592689D17900457312;
			productRefGroup = A70C54632689D17900457312 /* Products */;
			projectDirPath = "";
			projectRoot = "";
			targets = (
				A70C54612689D17900457312 /* Vk_api */,
			);
		};
/* End PBXProject section */

/* Begin PBXResourcesBuildPhase section */
		A70C54602689D17900457312 /* Resources */ = {
			isa = PBXResourcesBuildPhase;
			buildActionMask = 2147483647;
			files = (
				A70C54722689D17B00457312 /* LaunchScreen.storyboard in Resources */,
				A70C546F2689D17B00457312 /* Assets.xcassets in Resources */,
				A70C546D2689D17900457312 /* Main.storyboard in Resources */,
			);
			runOnlyForDeploymentPostprocessing = 0;
		};
/* End PBXResourcesBuildPhase section */

/* Begin PBXShellScriptBuildPhase section */
		537ED85A080BAA081087F470 /* [CP] Check Pods Manifest.lock */ = {
			isa = PBXShellScriptBuildPhase;
			buildActionMask = 2147483647;
			files = (
			);
			inputFileListPaths = (
			);
			inputPaths = (
				"${PODS_PODFILE_DIR_PATH}/Podfile.lock",
				"${PODS_ROOT}/Manifest.lock",
			);
			name = "[CP] Check Pods Manifest.lock";
			outputFileListPaths = (
			);
			outputPaths = (
				"$(DERIVED_FILE_DIR)/Pods-Vk_api-checkManifestLockResult.txt",
			);
			runOnlyForDeploymentPostprocessing = 0;
			shellPath = /bin/sh;
			shellScript = "diff \"${PODS_PODFILE_DIR_PATH}/Podfile.lock\" \"${PODS_ROOT}/Manifest.lock\" > /dev/null\nif [ $? != 0 ] ; then\n    # print error to STDERR\n    echo \"error: The sandbox is not in sync with the Podfile.lock. Run 'pod install' or update your CocoaPods installation.\" >&2\n    exit 1\nfi\n# This output is used by Xcode 'outputs' to avoid re-running this script phase.\necho \"SUCCESS\" > \"${SCRIPT_OUTPUT_FILE_0}\"\n";
			showEnvVarsInLog = 0;
		};
		C83375AF16B256249F393BDE /* [CP] Embed Pods Frameworks */ = {
			isa = PBXShellScriptBuildPhase;
			buildActionMask = 2147483647;
			files = (
			);
			inputFileListPaths = (
				"${PODS_ROOT}/Target Support Files/Pods-Vk_api/Pods-Vk_api-frameworks-${CONFIGURATION}-input-files.xcfilelist",
			);
			name = "[CP] Embed Pods Frameworks";
			outputFileListPaths = (
				"${PODS_ROOT}/Target Support Files/Pods-Vk_api/Pods-Vk_api-frameworks-${CONFIGURATION}-output-files.xcfilelist",
			);
			runOnlyForDeploymentPostprocessing = 0;
			shellPath = /bin/sh;
			shellScript = "\"${PODS_ROOT}/Target Support Files/Pods-Vk_api/Pods-Vk_api-frameworks.sh\"\n";
			showEnvVarsInLog = 0;
		};
/* End PBXShellScriptBuildPhase section */

/* Begin PBXSourcesBuildPhase section */
		A70C545E2689D17900457312 /* Sources */ = {
			isa = PBXSourcesBuildPhase;
			buildActionMask = 2147483647;
			files = (
				A750989D2698AE6C00F1EA63 /* FriendsApiService.swift in Sources */,
				A73AEAF62694A44E002CCCB6 /* AuthViewModel.swift in Sources */,
				A75098A72698B51A00F1EA63 /* FriendsRequest.swift in Sources */,
				A75098AA2698B70400F1EA63 /* Data+PrettyJSON.swift in Sources */,
				A70C547D2689D3B800457312 /* Session.swift in Sources */,
				A70C546A2689D17900457312 /* ViewController.swift in Sources */,
				A70C54662689D17900457312 /* AppDelegate.swift in Sources */,
				A75098A12698B20200F1EA63 /* DefaultUrl.swift in Sources */,
				A75098982698AE2200F1EA63 /* FriendsViewController.swift in Sources */,
				A75098A42698B4A300F1EA63 /* Request.swift in Sources */,
				A75098952698AC5800F1EA63 /* DefaultErrors.swift in Sources */,
				A70FFDD72699CCB4005D06C3 /* FriendsViewModel.swift in Sources */,
				A70C54682689D17900457312 /* SceneDelegate.swift in Sources */,
			);
			runOnlyForDeploymentPostprocessing = 0;
		};
/* End PBXSourcesBuildPhase section */

/* Begin PBXVariantGroup section */
		A70C546B2689D17900457312 /* Main.storyboard */ = {
			isa = PBXVariantGroup;
			children = (
				A70C546C2689D17900457312 /* Base */,
			);
			name = Main.storyboard;
			sourceTree = "<group>";
		};
		A70C54702689D17B00457312 /* LaunchScreen.storyboard */ = {
			isa = PBXVariantGroup;
			children = (
				A70C54712689D17B00457312 /* Base */,
			);
			name = LaunchScreen.storyboard;
			sourceTree = "<group>";
		};
/* End PBXVariantGroup section */

/* Begin XCBuildConfiguration section */
		A70C54742689D17B00457312 /* Debug */ = {
			isa = XCBuildConfiguration;
			buildSettings = {
				ALWAYS_SEARCH_USER_PATHS = NO;
				CLANG_ANALYZER_NONNULL = YES;
				CLANG_ANALYZER_NUMBER_OBJECT_CONVERSION = YES_AGGRESSIVE;
				CLANG_CXX_LANGUAGE_STANDARD = "gnu++14";
				CLANG_CXX_LIBRARY = "libc++";
				CLANG_ENABLE_MODULES = YES;
				CLANG_ENABLE_OBJC_ARC = YES;
				CLANG_ENABLE_OBJC_WEAK = YES;
				CLANG_WARN_BLOCK_CAPTURE_AUTORELEASING = YES;
				CLANG_WARN_BOOL_CONVERSION = YES;
				CLANG_WARN_COMMA = YES;
				CLANG_WARN_CONSTANT_CONVERSION = YES;
				CLANG_WARN_DEPRECATED_OBJC_IMPLEMENTATIONS = YES;
				CLANG_WARN_DIRECT_OBJC_ISA_USAGE = YES_ERROR;
				CLANG_WARN_DOCUMENTATION_COMMENTS = YES;
				CLANG_WARN_EMPTY_BODY = YES;
				CLANG_WARN_ENUM_CONVERSION = YES;
				CLANG_WARN_INFINITE_RECURSION = YES;
				CLANG_WARN_INT_CONVERSION = YES;
				CLANG_WARN_NON_LITERAL_NULL_CONVERSION = YES;
				CLANG_WARN_OBJC_IMPLICIT_RETAIN_SELF = YES;
				CLANG_WARN_OBJC_LITERAL_CONVERSION = YES;
				CLANG_WARN_OBJC_ROOT_CLASS = YES_ERROR;
				CLANG_WARN_QUOTED_INCLUDE_IN_FRAMEWORK_HEADER = YES;
				CLANG_WARN_RANGE_LOOP_ANALYSIS = YES;
				CLANG_WARN_STRICT_PROTOTYPES = YES;
				CLANG_WARN_SUSPICIOUS_MOVE = YES;
				CLANG_WARN_UNGUARDED_AVAILABILITY = YES_AGGRESSIVE;
				CLANG_WARN_UNREACHABLE_CODE = YES;
				CLANG_WARN__DUPLICATE_METHOD_MATCH = YES;
				COPY_PHASE_STRIP = NO;
				DEBUG_INFORMATION_FORMAT = dwarf;
				ENABLE_STRICT_OBJC_MSGSEND = YES;
				ENABLE_TESTABILITY = YES;
				GCC_C_LANGUAGE_STANDARD = gnu11;
				GCC_DYNAMIC_NO_PIC = NO;
				GCC_NO_COMMON_BLOCKS = YES;
				GCC_OPTIMIZATION_LEVEL = 0;
				GCC_PREPROCESSOR_DEFINITIONS = (
					"DEBUG=1",
					"$(inherited)",
				);
				GCC_WARN_64_TO_32_BIT_CONVERSION = YES;
				GCC_WARN_ABOUT_RETURN_TYPE = YES_ERROR;
				GCC_WARN_UNDECLARED_SELECTOR = YES;
				GCC_WARN_UNINITIALIZED_AUTOS = YES_AGGRESSIVE;
				GCC_WARN_UNUSED_FUNCTION = YES;
				GCC_WARN_UNUSED_VARIABLE = YES;
				IPHONEOS_DEPLOYMENT_TARGET = 14.3;
				MTL_ENABLE_DEBUG_INFO = INCLUDE_SOURCE;
				MTL_FAST_MATH = YES;
				ONLY_ACTIVE_ARCH = YES;
				SDKROOT = iphoneos;
				SWIFT_ACTIVE_COMPILATION_CONDITIONS = DEBUG;
				SWIFT_OPTIMIZATION_LEVEL = "-Onone";
			};
			name = Debug;
		};
		A70C54752689D17B00457312 /* Release */ = {
			isa = XCBuildConfiguration;
			buildSettings = {
				ALWAYS_SEARCH_USER_PATHS = NO;
				CLANG_ANALYZER_NONNULL = YES;
				CLANG_ANALYZER_NUMBER_OBJECT_CONVERSION = YES_AGGRESSIVE;
				CLANG_CXX_LANGUAGE_STANDARD = "gnu++14";
				CLANG_CXX_LIBRARY = "libc++";
				CLANG_ENABLE_MODULES = YES;
				CLANG_ENABLE_OBJC_ARC = YES;
				CLANG_ENABLE_OBJC_WEAK = YES;
				CLANG_WARN_BLOCK_CAPTURE_AUTORELEASING = YES;
				CLANG_WARN_BOOL_CONVERSION = YES;
				CLANG_WARN_COMMA = YES;
				CLANG_WARN_CONSTANT_CONVERSION = YES;
				CLANG_WARN_DEPRECATED_OBJC_IMPLEMENTATIONS = YES;
				CLANG_WARN_DIRECT_OBJC_ISA_USAGE = YES_ERROR;
				CLANG_WARN_DOCUMENTATION_COMMENTS = YES;
				CLANG_WARN_EMPTY_BODY = YES;
				CLANG_WARN_ENUM_CONVERSION = YES;
				CLANG_WARN_INFINITE_RECURSION = YES;
				CLANG_WARN_INT_CONVERSION = YES;
				CLANG_WARN_NON_LITERAL_NULL_CONVERSION = YES;
				CLANG_WARN_OBJC_IMPLICIT_RETAIN_SELF = YES;
				CLANG_WARN_OBJC_LITERAL_CONVERSION = YES;
				CLANG_WARN_OBJC_ROOT_CLASS = YES_ERROR;
				CLANG_WARN_QUOTED_INCLUDE_IN_FRAMEWORK_HEADER = YES;
				CLANG_WARN_RANGE_LOOP_ANALYSIS = YES;
				CLANG_WARN_STRICT_PROTOTYPES = YES;
				CLANG_WARN_SUSPICIOUS_MOVE = YES;
				CLANG_WARN_UNGUARDED_AVAILABILITY = YES_AGGRESSIVE;
				CLANG_WARN_UNREACHABLE_CODE = YES;
				CLANG_WARN__DUPLICATE_METHOD_MATCH = YES;
				COPY_PHASE_STRIP = NO;
				DEBUG_INFORMATION_FORMAT = "dwarf-with-dsym";
				ENABLE_NS_ASSERTIONS = NO;
				ENABLE_STRICT_OBJC_MSGSEND = YES;
				GCC_C_LANGUAGE_STANDARD = gnu11;
				GCC_NO_COMMON_BLOCKS = YES;
				GCC_WARN_64_TO_32_BIT_CONVERSION = YES;
				GCC_WARN_ABOUT_RETURN_TYPE = YES_ERROR;
				GCC_WARN_UNDECLARED_SELECTOR = YES;
				GCC_WARN_UNINITIALIZED_AUTOS = YES_AGGRESSIVE;
				GCC_WARN_UNUSED_FUNCTION = YES;
				GCC_WARN_UNUSED_VARIABLE = YES;
				IPHONEOS_DEPLOYMENT_TARGET = 14.3;
				MTL_ENABLE_DEBUG_INFO = NO;
				MTL_FAST_MATH = YES;
				SDKROOT = iphoneos;
				SWIFT_COMPILATION_MODE = wholemodule;
				SWIFT_OPTIMIZATION_LEVEL = "-O";
				VALIDATE_PRODUCT = YES;
			};
			name = Release;
		};
		A70C54772689D17B00457312 /* Debug */ = {
			isa = XCBuildConfiguration;
			baseConfigurationReference = 1D81EEDDE71023E67D4193B2 /* Pods-Vk_api.debug.xcconfig */;
			buildSettings = {
				ASSETCATALOG_COMPILER_APPICON_NAME = AppIcon;
				ASSETCATALOG_COMPILER_GLOBAL_ACCENT_COLOR_NAME = AccentColor;
				CODE_SIGN_STYLE = Automatic;
				DEVELOPMENT_TEAM = 233CLBU936;
				INFOPLIST_FILE = Vk_api/Resources/Info.plist;
				LD_RUNPATH_SEARCH_PATHS = (
					"$(inherited)",
					"@executable_path/Frameworks",
				);
				PRODUCT_BUNDLE_IDENTIFIER = "Valentin-Mironov.Vk-api";
				PRODUCT_NAME = "$(TARGET_NAME)";
				SWIFT_VERSION = 5.0;
				TARGETED_DEVICE_FAMILY = "1,2";
			};
			name = Debug;
		};
		A70C54782689D17B00457312 /* Release */ = {
			isa = XCBuildConfiguration;
			baseConfigurationReference = E588A6AE8CF43FD269CFA9A4 /* Pods-Vk_api.release.xcconfig */;
			buildSettings = {
				ASSETCATALOG_COMPILER_APPICON_NAME = AppIcon;
				ASSETCATALOG_COMPILER_GLOBAL_ACCENT_COLOR_NAME = AccentColor;
				CODE_SIGN_STYLE = Automatic;
				DEVELOPMENT_TEAM = 233CLBU936;
				INFOPLIST_FILE = Vk_api/Resources/Info.plist;
				LD_RUNPATH_SEARCH_PATHS = (
					"$(inherited)",
					"@executable_path/Frameworks",
				);
				PRODUCT_BUNDLE_IDENTIFIER = "Valentin-Mironov.Vk-api";
				PRODUCT_NAME = "$(TARGET_NAME)";
				SWIFT_VERSION = 5.0;
				TARGETED_DEVICE_FAMILY = "1,2";
			};
			name = Release;
		};
/* End XCBuildConfiguration section */

/* Begin XCConfigurationList section */
		A70C545D2689D17900457312 /* Build configuration list for PBXProject "Vk_api" */ = {
			isa = XCConfigurationList;
			buildConfigurations = (
				A70C54742689D17B00457312 /* Debug */,
				A70C54752689D17B00457312 /* Release */,
			);
			defaultConfigurationIsVisible = 0;
			defaultConfigurationName = Release;
		};
		A70C54762689D17B00457312 /* Build configuration list for PBXNativeTarget "Vk_api" */ = {
			isa = XCConfigurationList;
			buildConfigurations = (
				A70C54772689D17B00457312 /* Debug */,
				A70C54782689D17B00457312 /* Release */,
			);
			defaultConfigurationIsVisible = 0;
			defaultConfigurationName = Release;
		};
/* End XCConfigurationList section */
	};
	rootObject = A70C545A2689D17900457312 /* Project object */;
}
